{
  "name": "react-ts",
  "version": "1.0.0",
  "lockfileVersion": 1,
  "requires": true,
  "dependencies": {
    "@types/cheerio": {
      "version": "0.22.7",
      "resolved": "https://registry.npmjs.org/@types/cheerio/-/cheerio-0.22.7.tgz",
      "integrity": "sha512-+T9qBbqe/jXtTjzVddArZExahoPPmt8eq3O1ZuCKZXjBVxf/ciUYNXrIDZJEVgYvpELnv6VlPRCfLzufRxpAag==",
      "dev": true
    },
    "@types/enzyme": {
      "version": "3.1.9",
      "resolved": "https://registry.npmjs.org/@types/enzyme/-/enzyme-3.1.9.tgz",
      "integrity": "sha512-spu+IYTIxDaaRBP12eYCpFJNQwtANX1ZxxXLk8SaCVjZnNUaIPtY7ek6ATdn5GykIf/E7L2lWnC3gQUl5b8kpQ==",
      "dev": true,
      "requires": {
        "@types/cheerio": "0.22.7",
        "@types/react": "16.0.40"
      }
    },
    "@types/react": {
      "version": "16.0.40",
      "resolved": "https://registry.npmjs.org/@types/react/-/react-16.0.40.tgz",
      "integrity": "sha512-OZi2OPNI1DGwnC3Fgbr1CcYfOD6V0pbv+aehXdvuFE+L+sipWjividsasuqFW/G0CZrZ81Ao+9IzjvkRDWCE9Q==",
      "dev": true
    }
  }
}
